Microsoft Visual Studio Solution File, Format Version 12.00
# Visual Studio Version 17
VisualStudioVersion = 17.5.2.0
MinimumVisualStudioVersion = 10.0.40219.1
Project("{2150E333-8FDC-42A3-9474-1A3956D46DE8}") = "tested", "tested", "{0474715B-806B-8FFA-00F5-9816E2E92194}"
EndProject
Project("{FAE04EC0-301F-11D3-BF4B-00C04F79EFBC}") = "TestPr", "tested\TestPr\TestPr.csproj", "{D68F4FE9-4E2B-DF56-7527-5B4951A29070}"
EndProject
Project("{2150E333-8FDC-42A3-9474-1A3956D46DE8}") = "RT_1", "RT_1", "{BFA12064-6018-4D56-9108-793A53BFC6CF}"
EndProject
Project("{FAE04EC0-301F-11D3-BF4B-00C04F79EFBC}") = "ConsoleApp1", "RT_1\ConsoleApp1\ConsoleApp1.csproj", "{FD3634A5-4B7F-40BA-A9D1-AD118EEC936F}"
EndProject
Project("{2150E333-8FDC-42A3-9474-1A3956D46DE8}") = "RT_2", "RT_2", "{19B4F062-51A3-4DB8-A99C-31A1D5C859B6}"
EndProject
Project("{FAE04EC0-301F-11D3-BF4B-00C04F79EFBC}") = "ConsoleApp1", "RT_2\ConsoleApp1\ConsoleApp1.csproj", "{E528CCB4-C431-4961-AABD-EFDBF799D45A}"
EndProject
Global
	GlobalSection(SolutionConfigurationPlatforms) = preSolution
		Debug|Any CPU = Debug|Any CPU
		Release|Any CPU = Release|Any CPU
	EndGlobalSection
	GlobalSection(ProjectConfigurationPlatforms) = postSolution
		{D68F4FE9-4E2B-DF56-7527-5B4951A29070}.Debug|Any CPU.ActiveCfg = Debug|Any CPU
		{D68F4FE9-4E2B-DF56-7527-5B4951A29070}.Debug|Any CPU.Build.0 = Debug|Any CPU
		{D68F4FE9-4E2B-DF56-7527-5B4951A29070}.Release|Any CPU.ActiveCfg = Release|Any CPU
		{D68F4FE9-4E2B-DF56-7527-5B4951A29070}.Release|Any CPU.Build.0 = Release|Any CPU
		{FD3634A5-4B7F-40BA-A9D1-AD118EEC936F}.Debug|Any CPU.ActiveCfg = Debug|Any CPU
		{FD3634A5-4B7F-40BA-A9D1-AD118EEC936F}.Debug|Any CPU.Build.0 = Debug|Any CPU
		{FD3634A5-4B7F-40BA-A9D1-AD118EEC936F}.Release|Any CPU.ActiveCfg = Release|Any CPU
		{FD3634A5-4B7F-40BA-A9D1-AD118EEC936F}.Release|Any CPU.Build.0 = Release|Any CPU
		{E528CCB4-C431-4961-AABD-EFDBF799D45A}.Debug|Any CPU.ActiveCfg = Debug|Any CPU
		{E528CCB4-C431-4961-AABD-EFDBF799D45A}.Debug|Any CPU.Build.0 = Debug|Any CPU
		{E528CCB4-C431-4961-AABD-EFDBF799D45A}.Release|Any CPU.ActiveCfg = Release|Any CPU
		{E528CCB4-C431-4961-AABD-EFDBF799D45A}.Release|Any CPU.Build.0 = Release|Any CPU
	EndGlobalSection
	GlobalSection(SolutionProperties) = preSolution
		HideSolutionNode = FALSE
	EndGlobalSection
	GlobalSection(NestedProjects) = preSolution
		{D68F4FE9-4E2B-DF56-7527-5B4951A29070} = {0474715B-806B-8FFA-00F5-9816E2E92194}
		{FD3634A5-4B7F-40BA-A9D1-AD118EEC936F} = {BFA12064-6018-4D56-9108-793A53BFC6CF}
		{E528CCB4-C431-4961-AABD-EFDBF799D45A} = {19B4F062-51A3-4DB8-A99C-31A1D5C859B6}
	EndGlobalSection
	GlobalSection(ExtensibilityGlobals) = postSolution
		SolutionGuid = {B3DB2D6D-BEDE-47EE-91A0-B87988E358AF}
	EndGlobalSection
EndGlobal
